{
  "name": "portfolio",
  "lockfileVersion": 3,
  "requires": true,
  "packages": {
    "": {
      "name": "portfolio",
      "license": "MIT",
      "devDependencies": {
        "serverless-compose": "^2.4.0"
      }
    },
    "node_modules/serverless-compose": {
      "version": "2.4.0",
      "resolved": "https://registry.npmjs.org/serverless-compose/-/serverless-compose-2.4.0.tgz",
      "integrity": "sha512-tE+KJ8okTaLWr1Xe1X2FMHKgsz9q56BpG2o4IK7OisyB0SUuUfjeEJfPhPVk4JkGb1/v0KsQxYAbCmGUMGSC3w==",
      "dev": true,
      "license": "Apache-2.0"
    }
  }
}
